
Microsoft Visual Studio Solution File, Format Version 12.00
# Visual Studio Version 16
VisualStudioVersion = 16.0.30621.155
MinimumVisualStudioVersion = 10.0.40219.1
Project("{9A19103F-16F7-4668-BE54-9A1E7A4F7556}") = "Kristiania.PG3302-1.CustomCardGame", "Kristiania.PG3302-1.CustomCardGame.csproj", "{FCCE2234-D5D0-4227-AF8C-D9AC9A512C96}"
EndProject
Global
	GlobalSection(SolutionConfigurationPlatforms) = preSolution
		Debug|Any CPU = Debug|Any CPU
		Release|Any CPU = Release|Any CPU
	EndGlobalSection
	GlobalSection(ProjectConfigurationPlatforms) = postSolution
		{FCCE2234-D5D0-4227-AF8C-D9AC9A512C96}.Debug|Any CPU.ActiveCfg = Debug|Any CPU
		{FCCE2234-D5D0-4227-AF8C-D9AC9A512C96}.Debug|Any CPU.Build.0 = Debug|Any CPU
		{FCCE2234-D5D0-4227-AF8C-D9AC9A512C96}.Release|Any CPU.ActiveCfg = Release|Any CPU
		{FCCE2234-D5D0-4227-AF8C-D9AC9A512C96}.Release|Any CPU.Build.0 = Release|Any CPU
	EndGlobalSection
	GlobalSection(SolutionProperties) = preSolution
		HideSolutionNode = FALSE
	EndGlobalSection
	GlobalSection(ExtensibilityGlobals) = postSolution
		SolutionGuid = {5FF5E306-2E23-4444-8630-54632A0D7D42}
	EndGlobalSection
EndGlobal
